// !$*UTF8*$!
{
	archiveVersion = 1;
	classes = {
	};
	objectVersion = 46;
	objects = {

/* Begin PBXBuildFile section */
		3374AFC31E34276E00E7143E /* AppDelegate.swift in Sources */ = {isa = PBXBuildFile; fileRef = 3374AFC21E34276E00E7143E /* AppDelegate.swift */; };
		3374AFC51E34276E00E7143E /* ViewController.swift in Sources */ = {isa = PBXBuildFile; fileRef = 3374AFC41E34276E00E7143E /* ViewController.swift */; };
		3374AFC81E34276E00E7143E /* Main.storyboard in Resources */ = {isa = PBXBuildFile; fileRef = 3374AFC61E34276E00E7143E /* Main.storyboard */; };
		3374AFCA1E34276E00E7143E /* Assets.xcassets in Resources */ = {isa = PBXBuildFile; fileRef = 3374AFC91E34276E00E7143E /* Assets.xcassets */; };
		3374AFCD1E34276E00E7143E /* LaunchScreen.storyboard in Resources */ = {isa = PBXBuildFile; fileRef = 3374AFCB1E34276E00E7143E /* LaunchScreen.storyboard */; };
		3374AFD61E343DDA00E7143E /* QuizViewController.swift in Sources */ = {isa = PBXBuildFile; fileRef = 3374AFD41E343DDA00E7143E /* QuizViewController.swift */; };
		3374AFD71E343DDA00E7143E /* QuizViewController.xib in Resources */ = {isa = PBXBuildFile; fileRef = 3374AFD51E343DDA00E7143E /* QuizViewController.xib */; };
/* End PBXBuildFile section */

/* Begin PBXFileReference section */
		3374AFBF1E34276E00E7143E /* QuizApp.app */ = {isa = PBXFileReference; explicitFileType = wrapper.application; includeInIndex = 0; path = QuizApp.app; sourceTree = BUILT_PRODUCTS_DIR; };
		3374AFC21E34276E00E7143E /* AppDelegate.swift */ = {isa = PBXFileReference; lastKnownFileType = sourcecode.swift; path = AppDelegate.swift; sourceTree = "<group>"; };
		3374AFC41E34276E00E7143E /* ViewController.swift */ = {isa = PBXFileReference; lastKnownFileType = sourcecode.swift; path = ViewController.swift; sourceTree = "<group>"; };
		3374AFC71E34276E00E7143E /* Base */ = {isa = PBXFileReference; lastKnownFileType = file.storyboard; name = Base; path = Base.lproj/Main.storyboard; sourceTree = "<group>"; };
		3374AFC91E34276E00E7143E /* Assets.xcassets */ = {isa = PBXFileReference; lastKnownFileType = folder.assetcatalog; path = Assets.xcassets; sourceTree = "<group>"; };
		3374AFCC1E34276E00E7143E /* Base */ = {isa = PBXFileReference; lastKnownFileType = file.storyboard; name = Base; path = Base.lproj/LaunchScreen.storyboard; sourceTree = "<group>"; };
		3374AFCE1E34276E00E7143E /* Info.plist */ = {isa = PBXFileReference; lastKnownFileType = text.plist.xml; path = Info.plist; sourceTree = "<group>"; };
		3374AFD41E343DDA00E7143E /* QuizViewController.swift */ = {isa = PBXFileReference; fileEncoding = 4; lastKnownFileType = sourcecode.swift; path = QuizViewController.swift; sourceTree = "<group>"; };
		3374AFD51E343DDA00E7143E /* QuizViewController.xib */ = {isa = PBXFileReference; fileEncoding = 4; lastKnownFileType = file.xib; path = QuizViewController.xib; sourceTree = "<group>"; };
/* End PBXFileReference section */

/* Begin PBXFrameworksBuildPhase section */
		3374AFBC1E34276E00E7143E /* Frameworks */ = {
			isa = PBXFrameworksBuildPhase;
			buildActionMask = 2147483647;
			files = (
			);
			runOnlyForDeploymentPostprocessing = 0;
		};
/* End PBXFrameworksBuildPhase section */

/* Begin PBXGroup section */
		3374AFB61E34276E00E7143E = {
			isa = PBXGroup;
			children = (
				3374AFC11E34276E00E7143E /* QuizApp */,
				3374AFC01E34276E00E7143E /* Products */,
			);
			sourceTree = "<group>";
		};
		3374AFC01E34276E00E7143E /* Products */ = {
			isa = PBXGroup;
			children = (
				3374AFBF1E34276E00E7143E /* QuizApp.app */,
			);
			name = Products;
			sourceTree = "<group>";
		};
		3374AFC11E34276E00E7143E /* QuizApp */ = {
			isa = PBXGroup;
			children = (
				3374AFC21E34276E00E7143E /* AppDelegate.swift */,
				3374AFD41E343DDA00E7143E /* QuizViewController.swift */,
				3374AFD51E343DDA00E7143E /* QuizViewController.xib */,
				3374AFC41E34276E00E7143E /* ViewController.swift */,
				3374AFC61E34276E00E7143E /* Main.storyboard */,
				3374AFC91E34276E00E7143E /* Assets.xcassets */,
				3374AFCB1E34276E00E7143E /* LaunchScreen.storyboard */,
				3374AFCE1E34276E00E7143E /* Info.plist */,
			);
			path = QuizApp;
			sourceTree = "<group>";
		};
/* End PBXGroup section */

/* Begin PBXNativeTarget section */
		3374AFBE1E34276E00E7143E /* QuizApp */ = {
			isa = PBXNativeTarget;
			buildConfigurationList = 3374AFD11E34276E00E7143E /* Build configuration list for PBXNativeTarget "QuizApp" */;
			buildPhases = (
				3374AFBB1E34276E00E7143E /* Sources */,
				3374AFBC1E34276E00E7143E /* Frameworks */,
				3374AFBD1E34276E00E7143E /* Resources */,
			);
			buildRules = (
			);
			dependencies = (
			);
			name = QuizApp;
			productName = QuizApp;
			productReference = 3374AFBF1E34276E00E7143E /* QuizApp.app */;
			productType = "com.apple.product-type.application";
		};
/* End PBXNativeTarget section */

/* Begin PBXProject section */
		3374AFB71E34276E00E7143E /* Project object */ = {
			isa = PBXProject;
			attributes = {
				LastSwiftUpdateCheck = 0820;
				LastUpgradeCheck = 0820;
				ORGANIZATIONNAME = TryOuts;
				TargetAttributes = {
					3374AFBE1E34276E00E7143E = {
						CreatedOnToolsVersion = 8.2.1;
						ProvisioningStyle = Automatic;
					};
				};
			};
			buildConfigurationList = 3374AFBA1E34276E00E7143E /* Build configuration list for PBXProject "QuizApp" */;
			compatibilityVersion = "Xcode 3.2";
			developmentRegion = English;
			hasScannedForEncodings = 0;
			knownRegions = (
				en,
				Base,
			);
			mainGroup = 3374AFB61E34276E00E7143E;
			productRefGroup = 3374AFC01E34276E00E7143E /* Products */;
			projectDirPath = "";
			projectRoot = "";
			targets = (
				3374AFBE1E34276E00E7143E /* QuizApp */,
			);
		};
/* End PBXProject section */

/* Begin PBXResourcesBuildPhase section */
		3374AFBD1E34276E00E7143E /* Resources */ = {
			isa = PBXResourcesBuildPhase;
			buildActionMask = 2147483647;
			files = (
				3374AFCD1E34276E00E7143E /* LaunchScreen.storyboard in Resources */,
				3374AFCA1E34276E00E7143E /* Assets.xcassets in Resources */,
				3374AFC81E34276E00E7143E /* Main.storyboard in Resources */,
				3374AFD71E343DDA00E7143E /* QuizViewController.xib in Resources */,
			);
			runOnlyForDeploymentPostprocessing = 0;
		};
/* End PBXResourcesBuildPhase section */

/* Begin PBXSourcesBuildPhase section */
		3374AFBB1E34276E00E7143E /* Sources */ = {
			isa = PBXSourcesBuildPhase;
			buildActionMask = 2147483647;
			files = (
				3374AFD61E343DDA00E7143E /* QuizViewController.swift in Sources */,
				3374AFC51E34276E00E7143E /* ViewController.swift in Sources */,
				3374AFC31E34276E00E7143E /* AppDelegate.swift in Sources */,
			);
			runOnlyForDeploymentPostprocessing = 0;
		};
/* End PBXSourcesBuildPhase section */

/* Begin PBXVariantGroup section */
		3374AFC61E34276E00E7143E /* Main.storyboard */ = {
			isa = PBXVariantGroup;
			children = (
				3374AFC71E34276E00E7143E /* Base */,
			);
			name = Main.storyboard;
			sourceTree = "<group>";
		};
		3374AFCB1E34276E00E7143E /* LaunchScreen.storyboard */ = {
			isa = PBXVariantGroup;
			children = (
				3374AFCC1E34276E00E7143E /* Base */,
			);
			name = LaunchScreen.storyboard;
			sourceTree = "<group>";
		};
/* End PBXVariantGroup section */

/* Begin XCBuildConfiguration section */
		3374AFCF1E34276E00E7143E /* Debug */ = {
			isa = XCBuildConfiguration;
			buildSettings = {
				ALWAYS_SEARCH_USER_PATHS = NO;
				CLANG_ANALYZER_NONNULL = YES;
				CLANG_CXX_LANGUAGE_STANDARD = "gnu++0x";
				CLANG_CXX_LIBRARY = "libc++";
				CLANG_ENABLE_MODULES = YES;
				CLANG_ENABLE_OBJC_ARC = YES;
				CLANG_WARN_BOOL_CONVERSION = YES;
				CLANG_WARN_CONSTANT_CONVERSION = YES;
				CLANG_WARN_DIRECT_OBJC_ISA_USAGE = YES_ERROR;
				CLANG_WARN_DOCUMENTATION_COMMENTS = YES;
				CLANG_WARN_EMPTY_BODY = YES;
				CLANG_WARN_ENUM_CONVERSION = YES;
				CLANG_WARN_INFINITE_RECURSION = YES;
				CLANG_WARN_INT_CONVERSION = YES;
				CLANG_WARN_OBJC_ROOT_CLASS = YES_ERROR;
				CLANG_WARN_SUSPICIOUS_MOVE = YES;
				CLANG_WARN_UNREACHABLE_CODE = YES;
				CLANG_WARN__DUPLICATE_METHOD_MATCH = YES;
				"CODE_SIGN_IDENTITY[sdk=iphoneos*]" = "iPhone Developer";
				COPY_PHASE_STRIP = NO;
				DEBUG_INFORMATION_FORMAT = dwarf;
				ENABLE_STRICT_OBJC_MSGSEND = YES;
				ENABLE_TESTABILITY = YES;
				GCC_C_LANGUAGE_STANDARD = gnu99;
				GCC_DYNAMIC_NO_PIC = NO;
				GCC_NO_COMMON_BLOCKS = YES;
				GCC_OPTIMIZATION_LEVEL = 0;
				GCC_PREPROCESSOR_DEFINITIONS = (
					"DEBUG=1",
					"$(inherited)",
				);
				GCC_WARN_64_TO_32_BIT_CONVERSION = YES;
				GCC_WARN_ABOUT_RETURN_TYPE = YES_ERROR;
				GCC_WARN_UNDECLARED_SELECTOR = YES;
				GCC_WARN_UNINITIALIZED_AUTOS = YES_AGGRESSIVE;
				GCC_WARN_UNUSED_FUNCTION = YES;
				GCC_WARN_UNUSED_VARIABLE = YES;
				IPHONEOS_DEPLOYMENT_TARGET = 10.2;
				MTL_ENABLE_DEBUG_INFO = YES;
				ONLY_ACTIVE_ARCH = YES;
				SDKROOT = iphoneos;
				SWIFT_ACTIVE_COMPILATION_CONDITIONS = DEBUG;
				SWIFT_OPTIMIZATION_LEVEL = "-Onone";
			};
			name = Debug;
		};
		3374AFD01E34276E00E7143E /* Release */ = {
			isa = XCBuildConfiguration;
			buildSettings = {
				ALWAYS_SEARCH_USER_PATHS = NO;
				CLANG_ANALYZER_NONNULL = YES;
				CLANG_CXX_LANGUAGE_STANDARD = "gnu++0x";
				CLANG_CXX_LIBRARY = "libc++";
				CLANG_ENABLE_MODULES = YES;
				CLANG_ENABLE_OBJC_ARC = YES;
				CLANG_WARN_BOOL_CONVERSION = YES;
				CLANG_WARN_CONSTANT_CONVERSION = YES;
				CLANG_WARN_DIRECT_OBJC_ISA_USAGE = YES_ERROR;
				CLANG_WARN_DOCUMENTATION_COMMENTS = YES;
				CLANG_WARN_EMPTY_BODY = YES;
				CLANG_WARN_ENUM_CONVERSION = YES;
				CLANG_WARN_INFINITE_RECURSION = YES;
				CLANG_WARN_INT_CONVERSION = YES;
				CLANG_WARN_OBJC_ROOT_CLASS = YES_ERROR;
				CLANG_WARN_SUSPICIOUS_MOVE = YES;
				CLANG_WARN_UNREACHABLE_CODE = YES;
				CLANG_WARN__DUPLICATE_METHOD_MATCH = YES;
				"CODE_SIGN_IDENTITY[sdk=iphoneos*]" = "iPhone Developer";
				COPY_PHASE_STRIP = NO;
				DEBUG_INFORMATION_FORMAT = "dwarf-with-dsym";
				ENABLE_NS_ASSERTIONS = NO;
				ENABLE_STRICT_OBJC_MSGSEND = YES;
				GCC_C_LANGUAGE_STANDARD = gnu99;
				GCC_NO_COMMON_BLOCKS = YES;
				GCC_WARN_64_TO_32_BIT_CONVERSION = YES;
				GCC_WARN_ABOUT_RETURN_TYPE = YES_ERROR;
				GCC_WARN_UNDECLARED_SELECTOR = YES;
				GCC_WARN_UNINITIALIZED_AUTOS = YES_AGGRESSIVE;
				GCC_WARN_UNUSED_FUNCTION = YES;
				GCC_WARN_UNUSED_VARIABLE = YES;
				IPHONEOS_DEPLOYMENT_TARGET = 10.2;
				MTL_ENABLE_DEBUG_INFO = NO;
				SDKROOT = iphoneos;
				SWIFT_OPTIMIZATION_LEVEL = "-Owholemodule";
				VALIDATE_PRODUCT = YES;
			};
			name = Release;
		};
		3374AFD21E34276E00E7143E /* Debug */ = {
			isa = XCBuildConfiguration;
			buildSettings = {
				ASSETCATALOG_COMPILER_APPICON_NAME = AppIcon;
				INFOPLIST_FILE = QuizApp/Info.plist;
				LD_RUNPATH_SEARCH_PATHS = "$(inherited) @executable_path/Frameworks";
				PRODUCT_BUNDLE_IDENTIFIER = com.TryOuts.QuizApp;
				PRODUCT_NAME = "$(TARGET_NAME)";
				SWIFT_VERSION = 3.0;
			};
			name = Debug;
		};
		3374AFD31E34276E00E7143E /* Release */ = {
			isa = XCBuildConfiguration;
			buildSettings = {
				ASSETCATALOG_COMPILER_APPICON_NAME = AppIcon;
				INFOPLIST_FILE = QuizApp/Info.plist;
				LD_RUNPATH_SEARCH_PATHS = "$(inherited) @executable_path/Frameworks";
				PRODUCT_BUNDLE_IDENTIFIER = com.TryOuts.QuizApp;
				PRODUCT_NAME = "$(TARGET_NAME)";
				SWIFT_VERSION = 3.0;
			};
			name = Release;
		};
/* End XCBuildConfiguration section */

/* Begin XCConfigurationList section */
		3374AFBA1E34276E00E7143E /* Build configuration list for PBXProject "QuizApp" */ = {
			isa = XCConfigurationList;
			buildConfigurations = (
				3374AFCF1E34276E00E7143E /* Debug */,
				3374AFD01E34276E00E7143E /* Release */,
			);
			defaultConfigurationIsVisible = 0;
			defaultConfigurationName = Release;
		};
		3374AFD11E34276E00E7143E /* Build configuration list for PBXNativeTarget "QuizApp" */ = {
			isa = XCConfigurationList;
			buildConfigurations = (
				3374AFD21E34276E00E7143E /* Debug */,
				3374AFD31E34276E00E7143E /* Release */,
			);
			defaultConfigurationIsVisible = 0;
		};
/* End XCConfigurationList section */
	};
	rootObject = 3374AFB71E34276E00E7143E /* Project object */;
}
